// !$*UTF8*$!
{
	archiveVersion = 1;
	classes = {
	};
	objectVersion = 56;
	objects = {

/* Begin PBXBuildFile section */
		10380E3FB9017EFA1AB2E229 /* Pods_SwiftUI_open_market.framework in Frameworks */ = {isa = PBXBuildFile; fileRef = E93A299D4A4859603D7989CD /* Pods_SwiftUI_open_market.framework */; };
		A30AF2B4293DBD1E00AFC532 /* Extension+Double.swift in Sources */ = {isa = PBXBuildFile; fileRef = A30AF2B3293DBD1E00AFC532 /* Extension+Double.swift */; };
		A31B1756293A1F65004137AE /* Extension+String.swift in Sources */ = {isa = PBXBuildFile; fileRef = A31B1755293A1F65004137AE /* Extension+String.swift */; };
		A348D0A12925F278003E8BCB /* SwiftUI_open_marketApp.swift in Sources */ = {isa = PBXBuildFile; fileRef = A348D0A02925F278003E8BCB /* SwiftUI_open_marketApp.swift */; };
		A348D0A32925F278003E8BCB /* ProductListView.swift in Sources */ = {isa = PBXBuildFile; fileRef = A348D0A22925F278003E8BCB /* ProductListView.swift */; };
		A348D0A52925F279003E8BCB /* Assets.xcassets in Resources */ = {isa = PBXBuildFile; fileRef = A348D0A42925F279003E8BCB /* Assets.xcassets */; };
		A348D0A82925F279003E8BCB /* Preview Assets.xcassets in Resources */ = {isa = PBXBuildFile; fileRef = A348D0A72925F279003E8BCB /* Preview Assets.xcassets */; };
		A348D0B02925F442003E8BCB /* ProductListResponse.swift in Sources */ = {isa = PBXBuildFile; fileRef = A348D0AF2925F442003E8BCB /* ProductListResponse.swift */; };
		A348D0B22925F482003E8BCB /* Product.swift in Sources */ = {isa = PBXBuildFile; fileRef = A348D0B12925F482003E8BCB /* Product.swift */; };
		A348D0B42925F668003E8BCB /* ProductAPI.swift in Sources */ = {isa = PBXBuildFile; fileRef = A348D0B32925F668003E8BCB /* ProductAPI.swift */; };
		A348D0B72925F9E8003E8BCB /* ProductListViewModel.swift in Sources */ = {isa = PBXBuildFile; fileRef = A348D0B62925F9E8003E8BCB /* ProductListViewModel.swift */; };
		A35E36872934CCE50007E4D3 /* DetailImage.swift in Sources */ = {isa = PBXBuildFile; fileRef = A35E36862934CCE50007E4D3 /* DetailImage.swift */; };
		A35E36892934CD070007E4D3 /* Vendors.swift in Sources */ = {isa = PBXBuildFile; fileRef = A35E36882934CD070007E4D3 /* Vendors.swift */; };
		A35E368D2934CD7C0007E4D3 /* Currency.swift in Sources */ = {isa = PBXBuildFile; fileRef = A35E368C2934CD7C0007E4D3 /* Currency.swift */; };
		A3E899472928E87900FA1CCD /* ProductDetailViewModel.swift in Sources */ = {isa = PBXBuildFile; fileRef = A3E899462928E87900FA1CCD /* ProductDetailViewModel.swift */; };
		A3E899492928EA2C00FA1CCD /* ProductDetailView.swift in Sources */ = {isa = PBXBuildFile; fileRef = A3E899482928EA2C00FA1CCD /* ProductDetailView.swift */; };
		A3E8994B2928F36300FA1CCD /* DetailProduct.swift in Sources */ = {isa = PBXBuildFile; fileRef = A3E8994A2928F36300FA1CCD /* DetailProduct.swift */; };
		A3E8994E2929B57700FA1CCD /* ProductAddView.swift in Sources */ = {isa = PBXBuildFile; fileRef = A3E8994D2929B57700FA1CCD /* ProductAddView.swift */; };
		A3E899512929BC1300FA1CCD /* ImagePicker.swift in Sources */ = {isa = PBXBuildFile; fileRef = A3E899502929BC1300FA1CCD /* ImagePicker.swift */; };
		A3E89953292A04F200FA1CCD /* ProductAddViewModel.swift in Sources */ = {isa = PBXBuildFile; fileRef = A3E89952292A04F200FA1CCD /* ProductAddViewModel.swift */; };
		A3E89959292C516E00FA1CCD /* VendorInfo.swift in Sources */ = {isa = PBXBuildFile; fileRef = A3E89958292C516E00FA1CCD /* VendorInfo.swift */; };
/* End PBXBuildFile section */

/* Begin PBXFileReference section */
		382899379A9ABBD69AD782F6 /* Pods-SwiftUI-open-market.release.xcconfig */ = {isa = PBXFileReference; includeInIndex = 1; lastKnownFileType = text.xcconfig; name = "Pods-SwiftUI-open-market.release.xcconfig"; path = "Target Support Files/Pods-SwiftUI-open-market/Pods-SwiftUI-open-market.release.xcconfig"; sourceTree = "<group>"; };
		A30AF2B3293DBD1E00AFC532 /* Extension+Double.swift */ = {isa = PBXFileReference; lastKnownFileType = sourcecode.swift; path = "Extension+Double.swift"; sourceTree = "<group>"; };
		A31B1755293A1F65004137AE /* Extension+String.swift */ = {isa = PBXFileReference; lastKnownFileType = sourcecode.swift; path = "Extension+String.swift"; sourceTree = "<group>"; };
		A348D09D2925F278003E8BCB /* SwiftUI-open-market.app */ = {isa = PBXFileReference; explicitFileType = wrapper.application; includeInIndex = 0; path = "SwiftUI-open-market.app"; sourceTree = BUILT_PRODUCTS_DIR; };
		A348D0A02925F278003E8BCB /* SwiftUI_open_marketApp.swift */ = {isa = PBXFileReference; lastKnownFileType = sourcecode.swift; path = SwiftUI_open_marketApp.swift; sourceTree = "<group>"; };
		A348D0A22925F278003E8BCB /* ProductListView.swift */ = {isa = PBXFileReference; lastKnownFileType = sourcecode.swift; path = ProductListView.swift; sourceTree = "<group>"; };
		A348D0A42925F279003E8BCB /* Assets.xcassets */ = {isa = PBXFileReference; lastKnownFileType = folder.assetcatalog; path = Assets.xcassets; sourceTree = "<group>"; };
		A348D0A72925F279003E8BCB /* Preview Assets.xcassets */ = {isa = PBXFileReference; lastKnownFileType = folder.assetcatalog; path = "Preview Assets.xcassets"; sourceTree = "<group>"; };
		A348D0AF2925F442003E8BCB /* ProductListResponse.swift */ = {isa = PBXFileReference; lastKnownFileType = sourcecode.swift; path = ProductListResponse.swift; sourceTree = "<group>"; };
		A348D0B12925F482003E8BCB /* Product.swift */ = {isa = PBXFileReference; lastKnownFileType = sourcecode.swift; path = Product.swift; sourceTree = "<group>"; };
		A348D0B32925F668003E8BCB /* ProductAPI.swift */ = {isa = PBXFileReference; lastKnownFileType = sourcecode.swift; path = ProductAPI.swift; sourceTree = "<group>"; };
		A348D0B62925F9E8003E8BCB /* ProductListViewModel.swift */ = {isa = PBXFileReference; lastKnownFileType = sourcecode.swift; path = ProductListViewModel.swift; sourceTree = "<group>"; };
		A35E36862934CCE50007E4D3 /* DetailImage.swift */ = {isa = PBXFileReference; lastKnownFileType = sourcecode.swift; path = DetailImage.swift; sourceTree = "<group>"; };
		A35E36882934CD070007E4D3 /* Vendors.swift */ = {isa = PBXFileReference; lastKnownFileType = sourcecode.swift; path = Vendors.swift; sourceTree = "<group>"; };
		A35E368C2934CD7C0007E4D3 /* Currency.swift */ = {isa = PBXFileReference; lastKnownFileType = sourcecode.swift; path = Currency.swift; sourceTree = "<group>"; };
		A3E899462928E87900FA1CCD /* ProductDetailViewModel.swift */ = {isa = PBXFileReference; lastKnownFileType = sourcecode.swift; path = ProductDetailViewModel.swift; sourceTree = "<group>"; };
		A3E899482928EA2C00FA1CCD /* ProductDetailView.swift */ = {isa = PBXFileReference; lastKnownFileType = sourcecode.swift; path = ProductDetailView.swift; sourceTree = "<group>"; };
		A3E8994A2928F36300FA1CCD /* DetailProduct.swift */ = {isa = PBXFileReference; lastKnownFileType = sourcecode.swift; path = DetailProduct.swift; sourceTree = "<group>"; };
		A3E8994D2929B57700FA1CCD /* ProductAddView.swift */ = {isa = PBXFileReference; lastKnownFileType = sourcecode.swift; path = ProductAddView.swift; sourceTree = "<group>"; };
		A3E899502929BC1300FA1CCD /* ImagePicker.swift */ = {isa = PBXFileReference; lastKnownFileType = sourcecode.swift; path = ImagePicker.swift; sourceTree = "<group>"; };
		A3E89952292A04F200FA1CCD /* ProductAddViewModel.swift */ = {isa = PBXFileReference; lastKnownFileType = sourcecode.swift; path = ProductAddViewModel.swift; sourceTree = "<group>"; };
		A3E89958292C516E00FA1CCD /* VendorInfo.swift */ = {isa = PBXFileReference; lastKnownFileType = sourcecode.swift; path = VendorInfo.swift; sourceTree = "<group>"; };
		AFF9502DEAC56BDBEAC7F0A1 /* Pods-SwiftUI-open-market.debug.xcconfig */ = {isa = PBXFileReference; includeInIndex = 1; lastKnownFileType = text.xcconfig; name = "Pods-SwiftUI-open-market.debug.xcconfig"; path = "Target Support Files/Pods-SwiftUI-open-market/Pods-SwiftUI-open-market.debug.xcconfig"; sourceTree = "<group>"; };
		E93A299D4A4859603D7989CD /* Pods_SwiftUI_open_market.framework */ = {isa = PBXFileReference; explicitFileType = wrapper.framework; includeInIndex = 0; path = Pods_SwiftUI_open_market.framework; sourceTree = BUILT_PRODUCTS_DIR; };
/* End PBXFileReference section */

/* Begin PBXFrameworksBuildPhase section */
		A348D09A2925F278003E8BCB /* Frameworks */ = {
			isa = PBXFrameworksBuildPhase;
			buildActionMask = 2147483647;
			files = (
				10380E3FB9017EFA1AB2E229 /* Pods_SwiftUI_open_market.framework in Frameworks */,
			);
			runOnlyForDeploymentPostprocessing = 0;
		};
/* End PBXFrameworksBuildPhase section */

/* Begin PBXGroup section */
		20B2F228EEB71D598E54FBEB /* Frameworks */ = {
			isa = PBXGroup;
			children = (
				E93A299D4A4859603D7989CD /* Pods_SwiftUI_open_market.framework */,
			);
			name = Frameworks;
			sourceTree = "<group>";
		};
		A2230E5AF13E6ECC5E3C73C3 /* Pods */ = {
			isa = PBXGroup;
			children = (
				AFF9502DEAC56BDBEAC7F0A1 /* Pods-SwiftUI-open-market.debug.xcconfig */,
				382899379A9ABBD69AD782F6 /* Pods-SwiftUI-open-market.release.xcconfig */,
			);
			path = Pods;
			sourceTree = "<group>";
		};
		A31B1754293A1F54004137AE /* Extension */ = {
			isa = PBXGroup;
			children = (
				A31B1755293A1F65004137AE /* Extension+String.swift */,
				A30AF2B3293DBD1E00AFC532 /* Extension+Double.swift */,
			);
			path = Extension;
			sourceTree = "<group>";
		};
		A348D0942925F278003E8BCB = {
			isa = PBXGroup;
			children = (
				A348D09F2925F278003E8BCB /* SwiftUI-open-market */,
				A348D09E2925F278003E8BCB /* Products */,
				A2230E5AF13E6ECC5E3C73C3 /* Pods */,
				20B2F228EEB71D598E54FBEB /* Frameworks */,
			);
			sourceTree = "<group>";
		};
		A348D09E2925F278003E8BCB /* Products */ = {
			isa = PBXGroup;
			children = (
				A348D09D2925F278003E8BCB /* SwiftUI-open-market.app */,
			);
			name = Products;
			sourceTree = "<group>";
		};
		A348D09F2925F278003E8BCB /* SwiftUI-open-market */ = {
			isa = PBXGroup;
			children = (
				A348D0A02925F278003E8BCB /* SwiftUI_open_marketApp.swift */,
				A31B1754293A1F54004137AE /* Extension */,
				A3E89957292C515A00FA1CCD /* Enum */,
				A348D0AE2925F2C0003E8BCB /* Model */,
				A348D0B52925F9CA003E8BCB /* ViewModel */,
				A3E8994C2929B30000FA1CCD /* View */,
				A348D0A42925F279003E8BCB /* Assets.xcassets */,
				A348D0A62925F279003E8BCB /* Preview Content */,
			);
			path = "SwiftUI-open-market";
			sourceTree = "<group>";
		};
		A348D0A62925F279003E8BCB /* Preview Content */ = {
			isa = PBXGroup;
			children = (
				A348D0A72925F279003E8BCB /* Preview Assets.xcassets */,
			);
			path = "Preview Content";
			sourceTree = "<group>";
		};
		A348D0AE2925F2C0003E8BCB /* Model */ = {
			isa = PBXGroup;
			children = (
				A353AF1F2935CD9B00DA130C /* API */,
				A353AF202935CDAC00DA130C /* Product */,
				A353AF212935CDE000DA130C /* DetailProduct */,
			);
			path = Model;
			sourceTree = "<group>";
		};
		A348D0B52925F9CA003E8BCB /* ViewModel */ = {
			isa = PBXGroup;
			children = (
				A348D0B62925F9E8003E8BCB /* ProductListViewModel.swift */,
				A3E899462928E87900FA1CCD /* ProductDetailViewModel.swift */,
				A3E89952292A04F200FA1CCD /* ProductAddViewModel.swift */,
			);
			path = ViewModel;
			sourceTree = "<group>";
		};
		A353AF1F2935CD9B00DA130C /* API */ = {
			isa = PBXGroup;
			children = (
				A348D0B32925F668003E8BCB /* ProductAPI.swift */,
			);
			path = API;
			sourceTree = "<group>";
		};
		A353AF202935CDAC00DA130C /* Product */ = {
			isa = PBXGroup;
			children = (
				A348D0B12925F482003E8BCB /* Product.swift */,
				A348D0AF2925F442003E8BCB /* ProductListResponse.swift */,
			);
			path = Product;
			sourceTree = "<group>";
		};
		A353AF212935CDE000DA130C /* DetailProduct */ = {
			isa = PBXGroup;
			children = (
				A3E8994A2928F36300FA1CCD /* DetailProduct.swift */,
				A35E36862934CCE50007E4D3 /* DetailImage.swift */,
				A35E36882934CD070007E4D3 /* Vendors.swift */,
			);
			path = DetailProduct;
			sourceTree = "<group>";
		};
		A3E8994C2929B30000FA1CCD /* View */ = {
			isa = PBXGroup;
			children = (
				A3E899502929BC1300FA1CCD /* ImagePicker.swift */,
				A348D0A22925F278003E8BCB /* ProductListView.swift */,
				A3E899482928EA2C00FA1CCD /* ProductDetailView.swift */,
				A3E8994D2929B57700FA1CCD /* ProductAddView.swift */,
			);
			path = View;
			sourceTree = "<group>";
		};
		A3E89957292C515A00FA1CCD /* Enum */ = {
			isa = PBXGroup;
			children = (
				A3E89958292C516E00FA1CCD /* VendorInfo.swift */,
				A35E368C2934CD7C0007E4D3 /* Currency.swift */,
			);
			path = Enum;
			sourceTree = "<group>";
		};
/* End PBXGroup section */

/* Begin PBXNativeTarget section */
		A348D09C2925F278003E8BCB /* SwiftUI-open-market */ = {
			isa = PBXNativeTarget;
			buildConfigurationList = A348D0AB2925F279003E8BCB /* Build configuration list for PBXNativeTarget "SwiftUI-open-market" */;
			buildPhases = (
				EA35DEC641843F4B8C4EFD78 /* [CP] Check Pods Manifest.lock */,
				A348D0992925F278003E8BCB /* Sources */,
				A348D09A2925F278003E8BCB /* Frameworks */,
				A348D09B2925F278003E8BCB /* Resources */,
				865AF03390CDE4079335A02D /* [CP] Embed Pods Frameworks */,
			);
			buildRules = (
			);
			dependencies = (
			);
			name = "SwiftUI-open-market";
			productName = "SwiftUI-open-market";
			productReference = A348D09D2925F278003E8BCB /* SwiftUI-open-market.app */;
			productType = "com.apple.product-type.application";
		};
/* End PBXNativeTarget section */

/* Begin PBXProject section */
		A348D0952925F278003E8BCB /* Project object */ = {
			isa = PBXProject;
			attributes = {
				BuildIndependentTargetsInParallel = 1;
				LastSwiftUpdateCheck = 1410;
				LastUpgradeCheck = 1410;
				TargetAttributes = {
					A348D09C2925F278003E8BCB = {
						CreatedOnToolsVersion = 14.1;
					};
				};
			};
			buildConfigurationList = A348D0982925F278003E8BCB /* Build configuration list for PBXProject "SwiftUI-open-market" */;
			compatibilityVersion = "Xcode 14.0";
			developmentRegion = en;
			hasScannedForEncodings = 0;
			knownRegions = (
				en,
				Base,
			);
			mainGroup = A348D0942925F278003E8BCB;
			productRefGroup = A348D09E2925F278003E8BCB /* Products */;
			projectDirPath = "";
			projectRoot = "";
			targets = (
				A348D09C2925F278003E8BCB /* SwiftUI-open-market */,
			);
		};
/* End PBXProject section */

/* Begin PBXResourcesBuildPhase section */
		A348D09B2925F278003E8BCB /* Resources */ = {
			isa = PBXResourcesBuildPhase;
			buildActionMask = 2147483647;
			files = (
				A348D0A82925F279003E8BCB /* Preview Assets.xcassets in Resources */,
				A348D0A52925F279003E8BCB /* Assets.xcassets in Resources */,
			);
			runOnlyForDeploymentPostprocessing = 0;
		};
/* End PBXResourcesBuildPhase section */

/* Begin PBXShellScriptBuildPhase section */
		865AF03390CDE4079335A02D /* [CP] Embed Pods Frameworks */ = {
			isa = PBXShellScriptBuildPhase;
			buildActionMask = 2147483647;
			files = (
			);
			inputFileListPaths = (
				"${PODS_ROOT}/Target Support Files/Pods-SwiftUI-open-market/Pods-SwiftUI-open-market-frameworks-${CONFIGURATION}-input-files.xcfilelist",
			);
			name = "[CP] Embed Pods Frameworks";
			outputFileListPaths = (
				"${PODS_ROOT}/Target Support Files/Pods-SwiftUI-open-market/Pods-SwiftUI-open-market-frameworks-${CONFIGURATION}-output-files.xcfilelist",
			);
			runOnlyForDeploymentPostprocessing = 0;
			shellPath = /bin/sh;
			shellScript = "\"${PODS_ROOT}/Target Support Files/Pods-SwiftUI-open-market/Pods-SwiftUI-open-market-frameworks.sh\"\n";
			showEnvVarsInLog = 0;
		};
		EA35DEC641843F4B8C4EFD78 /* [CP] Check Pods Manifest.lock */ = {
			isa = PBXShellScriptBuildPhase;
			buildActionMask = 2147483647;
			files = (
			);
			inputFileListPaths = (
			);
			inputPaths = (
				"${PODS_PODFILE_DIR_PATH}/Podfile.lock",
				"${PODS_ROOT}/Manifest.lock",
			);
			name = "[CP] Check Pods Manifest.lock";
			outputFileListPaths = (
			);
			outputPaths = (
				"$(DERIVED_FILE_DIR)/Pods-SwiftUI-open-market-checkManifestLockResult.txt",
			);
			runOnlyForDeploymentPostprocessing = 0;
			shellPath = /bin/sh;
			shellScript = "diff \"${PODS_PODFILE_DIR_PATH}/Podfile.lock\" \"${PODS_ROOT}/Manifest.lock\" > /dev/null\nif [ $? != 0 ] ; then\n    # print error to STDERR\n    echo \"error: The sandbox is not in sync with the Podfile.lock. Run 'pod install' or update your CocoaPods installation.\" >&2\n    exit 1\nfi\n# This output is used by Xcode 'outputs' to avoid re-running this script phase.\necho \"SUCCESS\" > \"${SCRIPT_OUTPUT_FILE_0}\"\n";
			showEnvVarsInLog = 0;
		};
/* End PBXShellScriptBuildPhase section */

/* Begin PBXSourcesBuildPhase section */
		A348D0992925F278003E8BCB /* Sources */ = {
			isa = PBXSourcesBuildPhase;
			buildActionMask = 2147483647;
			files = (
				A30AF2B4293DBD1E00AFC532 /* Extension+Double.swift in Sources */,
				A35E368D2934CD7C0007E4D3 /* Currency.swift in Sources */,
				A348D0B02925F442003E8BCB /* ProductListResponse.swift in Sources */,
				A3E899492928EA2C00FA1CCD /* ProductDetailView.swift in Sources */,
				A31B1756293A1F65004137AE /* Extension+String.swift in Sources */,
				A3E89953292A04F200FA1CCD /* ProductAddViewModel.swift in Sources */,
				A348D0B22925F482003E8BCB /* Product.swift in Sources */,
				A35E36872934CCE50007E4D3 /* DetailImage.swift in Sources */,
				A348D0B72925F9E8003E8BCB /* ProductListViewModel.swift in Sources */,
				A3E8994E2929B57700FA1CCD /* ProductAddView.swift in Sources */,
				A3E899472928E87900FA1CCD /* ProductDetailViewModel.swift in Sources */,
				A35E36892934CD070007E4D3 /* Vendors.swift in Sources */,
				A348D0A32925F278003E8BCB /* ProductListView.swift in Sources */,
				A3E89959292C516E00FA1CCD /* VendorInfo.swift in Sources */,
				A3E899512929BC1300FA1CCD /* ImagePicker.swift in Sources */,
				A348D0A12925F278003E8BCB /* SwiftUI_open_marketApp.swift in Sources */,
				A3E8994B2928F36300FA1CCD /* DetailProduct.swift in Sources */,
				A348D0B42925F668003E8BCB /* ProductAPI.swift in Sources */,
			);
			runOnlyForDeploymentPostprocessing = 0;
		};
/* End PBXSourcesBuildPhase section */

/* Begin XCBuildConfiguration section */
		A348D0A92925F279003E8BCB /* Debug */ = {
			isa = XCBuildConfiguration;
			buildSettings = {
				ALWAYS_SEARCH_USER_PATHS = NO;
				CLANG_ANALYZER_NONNULL = YES;
				CLANG_ANALYZER_NUMBER_OBJECT_CONVERSION = YES_AGGRESSIVE;
				CLANG_CXX_LANGUAGE_STANDARD = "gnu++20";
				CLANG_ENABLE_MODULES = YES;
				CLANG_ENABLE_OBJC_ARC = YES;
				CLANG_ENABLE_OBJC_WEAK = YES;
				CLANG_WARN_BLOCK_CAPTURE_AUTORELEASING = YES;
				CLANG_WARN_BOOL_CONVERSION = YES;
				CLANG_WARN_COMMA = YES;
				CLANG_WARN_CONSTANT_CONVERSION = YES;
				CLANG_WARN_DEPRECATED_OBJC_IMPLEMENTATIONS = YES;
				CLANG_WARN_DIRECT_OBJC_ISA_USAGE = YES_ERROR;
				CLANG_WARN_DOCUMENTATION_COMMENTS = YES;
				CLANG_WARN_EMPTY_BODY = YES;
				CLANG_WARN_ENUM_CONVERSION = YES;
				CLANG_WARN_INFINITE_RECURSION = YES;
				CLANG_WARN_INT_CONVERSION = YES;
				CLANG_WARN_NON_LITERAL_NULL_CONVERSION = YES;
				CLANG_WARN_OBJC_IMPLICIT_RETAIN_SELF = YES;
				CLANG_WARN_OBJC_LITERAL_CONVERSION = YES;
				CLANG_WARN_OBJC_ROOT_CLASS = YES_ERROR;
				CLANG_WARN_QUOTED_INCLUDE_IN_FRAMEWORK_HEADER = YES;
				CLANG_WARN_RANGE_LOOP_ANALYSIS = YES;
				CLANG_WARN_STRICT_PROTOTYPES = YES;
				CLANG_WARN_SUSPICIOUS_MOVE = YES;
				CLANG_WARN_UNGUARDED_AVAILABILITY = YES_AGGRESSIVE;
				CLANG_WARN_UNREACHABLE_CODE = YES;
				CLANG_WARN__DUPLICATE_METHOD_MATCH = YES;
				COPY_PHASE_STRIP = NO;
				DEBUG_INFORMATION_FORMAT = dwarf;
				ENABLE_STRICT_OBJC_MSGSEND = YES;
				ENABLE_TESTABILITY = YES;
				GCC_C_LANGUAGE_STANDARD = gnu11;
				GCC_DYNAMIC_NO_PIC = NO;
				GCC_NO_COMMON_BLOCKS = YES;
				GCC_OPTIMIZATION_LEVEL = 0;
				GCC_PREPROCESSOR_DEFINITIONS = (
					"DEBUG=1",
					"$(inherited)",
				);
				GCC_WARN_64_TO_32_BIT_CONVERSION = YES;
				GCC_WARN_ABOUT_RETURN_TYPE = YES_ERROR;
				GCC_WARN_UNDECLARED_SELECTOR = YES;
				GCC_WARN_UNINITIALIZED_AUTOS = YES_AGGRESSIVE;
				GCC_WARN_UNUSED_FUNCTION = YES;
				GCC_WARN_UNUSED_VARIABLE = YES;
				IPHONEOS_DEPLOYMENT_TARGET = 16.1;
				MTL_ENABLE_DEBUG_INFO = INCLUDE_SOURCE;
				MTL_FAST_MATH = YES;
				ONLY_ACTIVE_ARCH = YES;
				SDKROOT = iphoneos;
				SWIFT_ACTIVE_COMPILATION_CONDITIONS = DEBUG;
				SWIFT_OPTIMIZATION_LEVEL = "-Onone";
			};
			name = Debug;
		};
		A348D0AA2925F279003E8BCB /* Release */ = {
			isa = XCBuildConfiguration;
			buildSettings = {
				ALWAYS_SEARCH_USER_PATHS = NO;
				CLANG_ANALYZER_NONNULL = YES;
				CLANG_ANALYZER_NUMBER_OBJECT_CONVERSION = YES_AGGRESSIVE;
				CLANG_CXX_LANGUAGE_STANDARD = "gnu++20";
				CLANG_ENABLE_MODULES = YES;
				CLANG_ENABLE_OBJC_ARC = YES;
				CLANG_ENABLE_OBJC_WEAK = YES;
				CLANG_WARN_BLOCK_CAPTURE_AUTORELEASING = YES;
				CLANG_WARN_BOOL_CONVERSION = YES;
				CLANG_WARN_COMMA = YES;
				CLANG_WARN_CONSTANT_CONVERSION = YES;
				CLANG_WARN_DEPRECATED_OBJC_IMPLEMENTATIONS = YES;
				CLANG_WARN_DIRECT_OBJC_ISA_USAGE = YES_ERROR;
				CLANG_WARN_DOCUMENTATION_COMMENTS = YES;
				CLANG_WARN_EMPTY_BODY = YES;
				CLANG_WARN_ENUM_CONVERSION = YES;
				CLANG_WARN_INFINITE_RECURSION = YES;
				CLANG_WARN_INT_CONVERSION = YES;
				CLANG_WARN_NON_LITERAL_NULL_CONVERSION = YES;
				CLANG_WARN_OBJC_IMPLICIT_RETAIN_SELF = YES;
				CLANG_WARN_OBJC_LITERAL_CONVERSION = YES;
				CLANG_WARN_OBJC_ROOT_CLASS = YES_ERROR;
				CLANG_WARN_QUOTED_INCLUDE_IN_FRAMEWORK_HEADER = YES;
				CLANG_WARN_RANGE_LOOP_ANALYSIS = YES;
				CLANG_WARN_STRICT_PROTOTYPES = YES;
				CLANG_WARN_SUSPICIOUS_MOVE = YES;
				CLANG_WARN_UNGUARDED_AVAILABILITY = YES_AGGRESSIVE;
				CLANG_WARN_UNREACHABLE_CODE = YES;
				CLANG_WARN__DUPLICATE_METHOD_MATCH = YES;
				COPY_PHASE_STRIP = NO;
				DEBUG_INFORMATION_FORMAT = "dwarf-with-dsym";
				ENABLE_NS_ASSERTIONS = NO;
				ENABLE_STRICT_OBJC_MSGSEND = YES;
				GCC_C_LANGUAGE_STANDARD = gnu11;
				GCC_NO_COMMON_BLOCKS = YES;
				GCC_WARN_64_TO_32_BIT_CONVERSION = YES;
				GCC_WARN_ABOUT_RETURN_TYPE = YES_ERROR;
				GCC_WARN_UNDECLARED_SELECTOR = YES;
				GCC_WARN_UNINITIALIZED_AUTOS = YES_AGGRESSIVE;
				GCC_WARN_UNUSED_FUNCTION = YES;
				GCC_WARN_UNUSED_VARIABLE = YES;
				IPHONEOS_DEPLOYMENT_TARGET = 16.1;
				MTL_ENABLE_DEBUG_INFO = NO;
				MTL_FAST_MATH = YES;
				SDKROOT = iphoneos;
				SWIFT_COMPILATION_MODE = wholemodule;
				SWIFT_OPTIMIZATION_LEVEL = "-O";
				VALIDATE_PRODUCT = YES;
			};
			name = Release;
		};
		A348D0AC2925F279003E8BCB /* Debug */ = {
			isa = XCBuildConfiguration;
			baseConfigurationReference = AFF9502DEAC56BDBEAC7F0A1 /* Pods-SwiftUI-open-market.debug.xcconfig */;
			buildSettings = {
				ASSETCATALOG_COMPILER_APPICON_NAME = AppIcon;
				ASSETCATALOG_COMPILER_GLOBAL_ACCENT_COLOR_NAME = AccentColor;
				CODE_SIGN_STYLE = Automatic;
				CURRENT_PROJECT_VERSION = 1;
				DEVELOPMENT_ASSET_PATHS = "\"SwiftUI-open-market/Preview Content\"";
				DEVELOPMENT_TEAM = B99296K282;
				ENABLE_PREVIEWS = YES;
				GENERATE_INFOPLIST_FILE = YES;
				INFOPLIST_KEY_UIApplicationSceneManifest_Generation = YES;
				INFOPLIST_KEY_UIApplicationSupportsIndirectInputEvents = YES;
				INFOPLIST_KEY_UILaunchScreen_Generation = YES;
				INFOPLIST_KEY_UISupportedInterfaceOrientations_iPad = "UIInterfaceOrientationPortrait UIInterfaceOrientationPortraitUpsideDown UIInterfaceOrientationLandscapeLeft UIInterfaceOrientationLandscapeRight";
				INFOPLIST_KEY_UISupportedInterfaceOrientations_iPhone = "UIInterfaceOrientationPortrait UIInterfaceOrientationLandscapeLeft UIInterfaceOrientationLandscapeRight";
				LD_RUNPATH_SEARCH_PATHS = (
					"$(inherited)",
					"@executable_path/Frameworks",
				);
				MARKETING_VERSION = 1.0;
				PRODUCT_BUNDLE_IDENTIFIER = "BradHeo.SwiftUI-open-market";
				PRODUCT_NAME = "$(TARGET_NAME)";
				SWIFT_EMIT_LOC_STRINGS = YES;
				SWIFT_VERSION = 5.0;
				TARGETED_DEVICE_FAMILY = "1,2";
			};
			name = Debug;
		};
		A348D0AD2925F279003E8BCB /* Release */ = {
			isa = XCBuildConfiguration;
			baseConfigurationReference = 382899379A9ABBD69AD782F6 /* Pods-SwiftUI-open-market.release.xcconfig */;
			buildSettings = {
				ASSETCATALOG_COMPILER_APPICON_NAME = AppIcon;
				ASSETCATALOG_COMPILER_GLOBAL_ACCENT_COLOR_NAME = AccentColor;
				CODE_SIGN_STYLE = Automatic;
				CURRENT_PROJECT_VERSION = 1;
				DEVELOPMENT_ASSET_PATHS = "\"SwiftUI-open-market/Preview Content\"";
				DEVELOPMENT_TEAM = B99296K282;
				ENABLE_PREVIEWS = YES;
				GENERATE_INFOPLIST_FILE = YES;
				INFOPLIST_KEY_UIApplicationSceneManifest_Generation = YES;
				INFOPLIST_KEY_UIApplicationSupportsIndirectInputEvents = YES;
				INFOPLIST_KEY_UILaunchScreen_Generation = YES;
				INFOPLIST_KEY_UISupportedInterfaceOrientations_iPad = "UIInterfaceOrientationPortrait UIInterfaceOrientationPortraitUpsideDown UIInterfaceOrientationLandscapeLeft UIInterfaceOrientationLandscapeRight";
				INFOPLIST_KEY_UISupportedInterfaceOrientations_iPhone = "UIInterfaceOrientationPortrait UIInterfaceOrientationLandscapeLeft UIInterfaceOrientationLandscapeRight";
				LD_RUNPATH_SEARCH_PATHS = (
					"$(inherited)",
					"@executable_path/Frameworks",
				);
				MARKETING_VERSION = 1.0;
				PRODUCT_BUNDLE_IDENTIFIER = "BradHeo.SwiftUI-open-market";
				PRODUCT_NAME = "$(TARGET_NAME)";
				SWIFT_EMIT_LOC_STRINGS = YES;
				SWIFT_VERSION = 5.0;
				TARGETED_DEVICE_FAMILY = "1,2";
			};
			name = Release;
		};
/* End XCBuildConfiguration section */

/* Begin XCConfigurationList section */
		A348D0982925F278003E8BCB /* Build configuration list for PBXProject "SwiftUI-open-market" */ = {
			isa = XCConfigurationList;
			buildConfigurations = (
				A348D0A92925F279003E8BCB /* Debug */,
				A348D0AA2925F279003E8BCB /* Release */,
			);
			defaultConfigurationIsVisible = 0;
			defaultConfigurationName = Release;
		};
		A348D0AB2925F279003E8BCB /* Build configuration list for PBXNativeTarget "SwiftUI-open-market" */ = {
			isa = XCConfigurationList;
			buildConfigurations = (
				A348D0AC2925F279003E8BCB /* Debug */,
				A348D0AD2925F279003E8BCB /* Release */,
			);
			defaultConfigurationIsVisible = 0;
			defaultConfigurationName = Release;
		};
/* End XCConfigurationList section */
	};
	rootObject = A348D0952925F278003E8BCB /* Project object */;
}
